
Microsoft Visual Studio Solution File, Format Version 12.00
# Visual Studio Version 16
VisualStudioVersion = 16.0.32002.261
MinimumVisualStudioVersion = 10.0.40219.1
Project("{FAE04EC0-301F-11D3-BF4B-00C04F79EFBC}") = "TrackerLibrary", "TrackerLibrary\TrackerLibrary.csproj", "{4A07FDD6-2071-4CCA-BF47-790B362E43A1}"
EndProject
Project("{FAE04EC0-301F-11D3-BF4B-00C04F79EFBC}") = "TrackerUI", "TrackerUI\TrackerUI.csproj", "{DA988310-492B-446D-9105-E00E374DE477}"
EndProject
Global
	GlobalSection(SolutionConfigurationPlatforms) = preSolution
		Debug|Any CPU = Debug|Any CPU
		Release|Any CPU = Release|Any CPU
	EndGlobalSection
	GlobalSection(ProjectConfigurationPlatforms) = postSolution
		{4A07FDD6-2071-4CCA-BF47-790B362E43A1}.Debug|Any CPU.ActiveCfg = Debug|Any CPU
		{4A07FDD6-2071-4CCA-BF47-790B362E43A1}.Debug|Any CPU.Build.0 = Debug|Any CPU
		{4A07FDD6-2071-4CCA-BF47-790B362E43A1}.Release|Any CPU.ActiveCfg = Release|Any CPU
		{4A07FDD6-2071-4CCA-BF47-790B362E43A1}.Release|Any CPU.Build.0 = Release|Any CPU
		{DA988310-492B-446D-9105-E00E374DE477}.Debug|Any CPU.ActiveCfg = Debug|Any CPU
		{DA988310-492B-446D-9105-E00E374DE477}.Debug|Any CPU.Build.0 = Debug|Any CPU
		{DA988310-492B-446D-9105-E00E374DE477}.Release|Any CPU.ActiveCfg = Release|Any CPU
		{DA988310-492B-446D-9105-E00E374DE477}.Release|Any CPU.Build.0 = Release|Any CPU
	EndGlobalSection
	GlobalSection(SolutionProperties) = preSolution
		HideSolutionNode = FALSE
	EndGlobalSection
	GlobalSection(ExtensibilityGlobals) = postSolution
		SolutionGuid = {4B3793A0-2FBD-4EE0-9AD6-45B66480BA8A}
	EndGlobalSection
EndGlobal
